
Microsoft Visual Studio Solution File, Format Version 12.00
# Visual Studio Version 17
VisualStudioVersion = 17.0.32014.148
MinimumVisualStudioVersion = 10.0.40219.1
Project("{FAE04EC0-301F-11D3-BF4B-00C04F79EFBC}") = "Kuznechik", "Kuznechik.csproj", "{B06953E4-2423-4A8D-B32B-1A5BAA96E447}"
EndProject
Global
	GlobalSection(SolutionConfigurationPlatforms) = preSolution
		Debug|Any CPU = Debug|Any CPU
		Release|Any CPU = Release|Any CPU
	EndGlobalSection
	GlobalSection(ProjectConfigurationPlatforms) = postSolution
		{B06953E4-2423-4A8D-B32B-1A5BAA96E447}.Debug|Any CPU.ActiveCfg = Debug|Any CPU
		{B06953E4-2423-4A8D-B32B-1A5BAA96E447}.Debug|Any CPU.Build.0 = Debug|Any CPU
		{B06953E4-2423-4A8D-B32B-1A5BAA96E447}.Release|Any CPU.ActiveCfg = Release|Any CPU
		{B06953E4-2423-4A8D-B32B-1A5BAA96E447}.Release|Any CPU.Build.0 = Release|Any CPU
	EndGlobalSection
	GlobalSection(SolutionProperties) = preSolution
		HideSolutionNode = FALSE
	EndGlobalSection
	GlobalSection(ExtensibilityGlobals) = postSolution
		SolutionGuid = {3B7B3849-4B58-42F9-BD91-3D1966C23F42}
	EndGlobalSection
EndGlobal
